
Microsoft Visual Studio Solution File, Format Version 12.00
# Visual Studio Version 17
VisualStudioVersion = 17.2.32516.85
MinimumVisualStudioVersion = 10.0.40219.1
Project("{8BC9CEB8-8B4A-11D0-8D11-00A0C91BC942}") = "Project2", "Project2\Project2.vcxproj", "{B76762CA-341B-468D-ADA3-583BA33F6A66}"
EndProject
Global
	GlobalSection(SolutionConfigurationPlatforms) = preSolution
		Debug|x64 = Debug|x64
		Debug|x86 = Debug|x86
		Release|x64 = Release|x64
		Release|x86 = Release|x86
	EndGlobalSection
	GlobalSection(ProjectConfigurationPlatforms) = postSolution
		{B76762CA-341B-468D-ADA3-583BA33F6A66}.Debug|x64.ActiveCfg = Debug|x64
		{B76762CA-341B-468D-ADA3-583BA33F6A66}.Debug|x64.Build.0 = Debug|x64
		{B76762CA-341B-468D-ADA3-583BA33F6A66}.Debug|x86.ActiveCfg = Debug|Win32
		{B76762CA-341B-468D-ADA3-583BA33F6A66}.Debug|x86.Build.0 = Debug|Win32
		{B76762CA-341B-468D-ADA3-583BA33F6A66}.Release|x64.ActiveCfg = Release|x64
		{B76762CA-341B-468D-ADA3-583BA33F6A66}.Release|x64.Build.0 = Release|x64
		{B76762CA-341B-468D-ADA3-583BA33F6A66}.Release|x86.ActiveCfg = Release|Win32
		{B76762CA-341B-468D-ADA3-583BA33F6A66}.Release|x86.Build.0 = Release|Win32
	EndGlobalSection
	GlobalSection(SolutionProperties) = preSolution
		HideSolutionNode = FALSE
	EndGlobalSection
	GlobalSection(ExtensibilityGlobals) = postSolution
		SolutionGuid = {527CF266-E056-4491-AAA8-43F6301D3C71}
	EndGlobalSection
EndGlobal
